
Microsoft Visual Studio Solution File, Format Version 12.00
# Visual Studio 2013
VisualStudioVersion = 12.0.21005.1
MinimumVisualStudioVersion = 10.0.40219.1
Project("{FAE04EC0-301F-11D3-BF4B-00C04F79EFBC}") = "AutomationAndTestExperiment_UI", "AutomationAndTestExperiment_UI\AutomationAndTestExperiment_UI.csproj", "{40152717-051E-47C1-B7CF-2E6E28D6A87F}"
EndProject
Project("{FAE04EC0-301F-11D3-BF4B-00C04F79EFBC}") = "AutomationAndTestExperiment_UnitTestProject", "AutomationAndTestExperiment_UnitTestProject\AutomationAndTestExperiment_UnitTestProject.csproj", "{26B29245-B698-4B7B-92A8-1173EA40E180}"
EndProject
Project("{FAE04EC0-301F-11D3-BF4B-00C04F79EFBC}") = "AutomationAndTestExperiment_CodedUITestProject", "AutomationAndTestExperiment_CodedUITestProject\AutomationAndTestExperiment_CodedUITestProject.csproj", "{21035E7F-B64B-4266-B7E2-DCD6826BCCFC}"
EndProject
Project("{FAE04EC0-301F-11D3-BF4B-00C04F79EFBC}") = "AutomationAndTestExperiment_PortableClassLib", "AutomationAndTestExperiment_PortableClassLib\AutomationAndTestExperiment_PortableClassLib.csproj", "{8E963CB4-328B-410D-90EC-8541D1B08CBF}"
EndProject
Project("{2150E333-8FDC-42A3-9474-1A3956D46DE8}") = "Solution Items", "Solution Items", "{FF123056-D3A6-466B-B58A-D100D769F8D6}"
	ProjectSection(SolutionItems) = preProject
		README.html = README.html
	EndProjectSection
EndProject
Global
	GlobalSection(SolutionConfigurationPlatforms) = preSolution
		Debug|Any CPU = Debug|Any CPU
		Release|Any CPU = Release|Any CPU
	EndGlobalSection
	GlobalSection(ProjectConfigurationPlatforms) = postSolution
		{40152717-051E-47C1-B7CF-2E6E28D6A87F}.Debug|Any CPU.ActiveCfg = Debug|Any CPU
		{40152717-051E-47C1-B7CF-2E6E28D6A87F}.Debug|Any CPU.Build.0 = Debug|Any CPU
		{40152717-051E-47C1-B7CF-2E6E28D6A87F}.Release|Any CPU.ActiveCfg = Release|Any CPU
		{40152717-051E-47C1-B7CF-2E6E28D6A87F}.Release|Any CPU.Build.0 = Release|Any CPU
		{26B29245-B698-4B7B-92A8-1173EA40E180}.Debug|Any CPU.ActiveCfg = Debug|Any CPU
		{26B29245-B698-4B7B-92A8-1173EA40E180}.Debug|Any CPU.Build.0 = Debug|Any CPU
		{26B29245-B698-4B7B-92A8-1173EA40E180}.Release|Any CPU.ActiveCfg = Release|Any CPU
		{26B29245-B698-4B7B-92A8-1173EA40E180}.Release|Any CPU.Build.0 = Release|Any CPU
		{21035E7F-B64B-4266-B7E2-DCD6826BCCFC}.Debug|Any CPU.ActiveCfg = Debug|Any CPU
		{21035E7F-B64B-4266-B7E2-DCD6826BCCFC}.Debug|Any CPU.Build.0 = Debug|Any CPU
		{21035E7F-B64B-4266-B7E2-DCD6826BCCFC}.Release|Any CPU.ActiveCfg = Release|Any CPU
		{21035E7F-B64B-4266-B7E2-DCD6826BCCFC}.Release|Any CPU.Build.0 = Release|Any CPU
		{8E963CB4-328B-410D-90EC-8541D1B08CBF}.Debug|Any CPU.ActiveCfg = Debug|Any CPU
		{8E963CB4-328B-410D-90EC-8541D1B08CBF}.Debug|Any CPU.Build.0 = Debug|Any CPU
		{8E963CB4-328B-410D-90EC-8541D1B08CBF}.Release|Any CPU.ActiveCfg = Release|Any CPU
		{8E963CB4-328B-410D-90EC-8541D1B08CBF}.Release|Any CPU.Build.0 = Release|Any CPU
	EndGlobalSection
	GlobalSection(SolutionProperties) = preSolution
		HideSolutionNode = FALSE
	EndGlobalSection
EndGlobal
